
Microsoft Visual Studio Solution File, Format Version 12.00
# Visual Studio Version 16
VisualStudioVersion = 16.0.33328.57
MinimumVisualStudioVersion = 10.0.40219.1
Project("{FAE04EC0-301F-11D3-BF4B-00C04F79EFBC}") = "FirstQuestion", "FirstQuestion.csproj", "{DBFBCFAD-0074-4BE5-A3CD-21A7273E2EBE}"
EndProject
Global
	GlobalSection(SolutionConfigurationPlatforms) = preSolution
		Debug|Any CPU = Debug|Any CPU
		Release|Any CPU = Release|Any CPU
	EndGlobalSection
	GlobalSection(ProjectConfigurationPlatforms) = postSolution
		{DBFBCFAD-0074-4BE5-A3CD-21A7273E2EBE}.Debug|Any CPU.ActiveCfg = Debug|Any CPU
		{DBFBCFAD-0074-4BE5-A3CD-21A7273E2EBE}.Debug|Any CPU.Build.0 = Debug|Any CPU
		{DBFBCFAD-0074-4BE5-A3CD-21A7273E2EBE}.Release|Any CPU.ActiveCfg = Release|Any CPU
		{DBFBCFAD-0074-4BE5-A3CD-21A7273E2EBE}.Release|Any CPU.Build.0 = Release|Any CPU
	EndGlobalSection
	GlobalSection(SolutionProperties) = preSolution
		HideSolutionNode = FALSE
	EndGlobalSection
	GlobalSection(ExtensibilityGlobals) = postSolution
		SolutionGuid = {1358316C-245D-4541-9403-F15C9B98270D}
	EndGlobalSection
EndGlobal
