
Microsoft Visual Studio Solution File, Format Version 12.00
# Visual Studio Version 16
VisualStudioVersion = 16.0.33328.57
MinimumVisualStudioVersion = 10.0.40219.1
Project("{FAE04EC0-301F-11D3-BF4B-00C04F79EFBC}") = "TwoSum", "TwoSum.csproj", "{F214C68B-919A-4A7A-BC46-F3A33E45FAF6}"
EndProject
Global
	GlobalSection(SolutionConfigurationPlatforms) = preSolution
		Debug|Any CPU = Debug|Any CPU
		Release|Any CPU = Release|Any CPU
	EndGlobalSection
	GlobalSection(ProjectConfigurationPlatforms) = postSolution
		{F214C68B-919A-4A7A-BC46-F3A33E45FAF6}.Debug|Any CPU.ActiveCfg = Debug|Any CPU
		{F214C68B-919A-4A7A-BC46-F3A33E45FAF6}.Debug|Any CPU.Build.0 = Debug|Any CPU
		{F214C68B-919A-4A7A-BC46-F3A33E45FAF6}.Release|Any CPU.ActiveCfg = Release|Any CPU
		{F214C68B-919A-4A7A-BC46-F3A33E45FAF6}.Release|Any CPU.Build.0 = Release|Any CPU
	EndGlobalSection
	GlobalSection(SolutionProperties) = preSolution
		HideSolutionNode = FALSE
	EndGlobalSection
	GlobalSection(ExtensibilityGlobals) = postSolution
		SolutionGuid = {3B1DAFA0-2840-4292-B262-91ABD4EE9509}
	EndGlobalSection
EndGlobal
